
Microsoft Visual Studio Solution File, Format Version 12.00
# Visual Studio Version 17
VisualStudioVersion = 17.13.35818.85 d17.13
MinimumVisualStudioVersion = 10.0.40219.1
Project("{FAE04EC0-301F-11D3-BF4B-00C04F79EFBC}") = "Exchange", "Exchange.csproj", "{FD1E6BEC-6D80-E810-46B3-76B94E00B129}"
EndProject
Global
	GlobalSection(SolutionConfigurationPlatforms) = preSolution
		Debug|Any CPU = Debug|Any CPU
		Release|Any CPU = Release|Any CPU
	EndGlobalSection
	GlobalSection(ProjectConfigurationPlatforms) = postSolution
		{FD1E6BEC-6D80-E810-46B3-76B94E00B129}.Debug|Any CPU.ActiveCfg = Debug|Any CPU
		{FD1E6BEC-6D80-E810-46B3-76B94E00B129}.Debug|Any CPU.Build.0 = Debug|Any CPU
		{FD1E6BEC-6D80-E810-46B3-76B94E00B129}.Release|Any CPU.ActiveCfg = Release|Any CPU
		{FD1E6BEC-6D80-E810-46B3-76B94E00B129}.Release|Any CPU.Build.0 = Release|Any CPU
	EndGlobalSection
	GlobalSection(SolutionProperties) = preSolution
		HideSolutionNode = FALSE
	EndGlobalSection
	GlobalSection(ExtensibilityGlobals) = postSolution
		SolutionGuid = {8A2F543E-F5E8-4413-8EBF-E1D1F161E69A}
	EndGlobalSection
EndGlobal
